
Microsoft Visual Studio Solution File, Format Version 12.00
# Visual Studio Version 17
VisualStudioVersion = 17.3.32811.315
MinimumVisualStudioVersion = 10.0.40219.1
Project("{FAE04EC0-301F-11D3-BF4B-00C04F79EFBC}") = "semana5.Android", "semana5\semana5.Android\semana5.Android.csproj", "{94134DEB-4C66-46CF-9072-557C7A68EA84}"
EndProject
Project("{FAE04EC0-301F-11D3-BF4B-00C04F79EFBC}") = "semana5.iOS", "semana5\semana5.iOS\semana5.iOS.csproj", "{F91C20DB-05F0-4474-9164-2460CADA2D02}"
EndProject
Project("{FAE04EC0-301F-11D3-BF4B-00C04F79EFBC}") = "semana5", "semana5\semana5\semana5.csproj", "{F82C9E63-4B31-4E46-831E-A8934989C8AF}"
EndProject
Global
	GlobalSection(SolutionConfigurationPlatforms) = preSolution
		Debug|Any CPU = Debug|Any CPU
		Debug|iPhone = Debug|iPhone
		Debug|iPhoneSimulator = Debug|iPhoneSimulator
		Release|Any CPU = Release|Any CPU
		Release|iPhone = Release|iPhone
		Release|iPhoneSimulator = Release|iPhoneSimulator
	EndGlobalSection
	GlobalSection(ProjectConfigurationPlatforms) = postSolution
		{94134DEB-4C66-46CF-9072-557C7A68EA84}.Debug|Any CPU.ActiveCfg = Debug|Any CPU
		{94134DEB-4C66-46CF-9072-557C7A68EA84}.Debug|Any CPU.Build.0 = Debug|Any CPU
		{94134DEB-4C66-46CF-9072-557C7A68EA84}.Debug|Any CPU.Deploy.0 = Debug|Any CPU
		{94134DEB-4C66-46CF-9072-557C7A68EA84}.Debug|iPhone.ActiveCfg = Debug|Any CPU
		{94134DEB-4C66-46CF-9072-557C7A68EA84}.Debug|iPhone.Build.0 = Debug|Any CPU
		{94134DEB-4C66-46CF-9072-557C7A68EA84}.Debug|iPhone.Deploy.0 = Debug|Any CPU
		{94134DEB-4C66-46CF-9072-557C7A68EA84}.Debug|iPhoneSimulator.ActiveCfg = Debug|Any CPU
		{94134DEB-4C66-46CF-9072-557C7A68EA84}.Debug|iPhoneSimulator.Build.0 = Debug|Any CPU
		{94134DEB-4C66-46CF-9072-557C7A68EA84}.Debug|iPhoneSimulator.Deploy.0 = Debug|Any CPU
		{94134DEB-4C66-46CF-9072-557C7A68EA84}.Release|Any CPU.ActiveCfg = Release|Any CPU
		{94134DEB-4C66-46CF-9072-557C7A68EA84}.Release|Any CPU.Build.0 = Release|Any CPU
		{94134DEB-4C66-46CF-9072-557C7A68EA84}.Release|Any CPU.Deploy.0 = Release|Any CPU
		{94134DEB-4C66-46CF-9072-557C7A68EA84}.Release|iPhone.ActiveCfg = Release|Any CPU
		{94134DEB-4C66-46CF-9072-557C7A68EA84}.Release|iPhone.Build.0 = Release|Any CPU
		{94134DEB-4C66-46CF-9072-557C7A68EA84}.Release|iPhone.Deploy.0 = Release|Any CPU
		{94134DEB-4C66-46CF-9072-557C7A68EA84}.Release|iPhoneSimulator.ActiveCfg = Release|Any CPU
		{94134DEB-4C66-46CF-9072-557C7A68EA84}.Release|iPhoneSimulator.Build.0 = Release|Any CPU
		{94134DEB-4C66-46CF-9072-557C7A68EA84}.Release|iPhoneSimulator.Deploy.0 = Release|Any CPU
		{F91C20DB-05F0-4474-9164-2460CADA2D02}.Debug|Any CPU.ActiveCfg = Debug|iPhone
		{F91C20DB-05F0-4474-9164-2460CADA2D02}.Debug|Any CPU.Build.0 = Debug|iPhone
		{F91C20DB-05F0-4474-9164-2460CADA2D02}.Debug|Any CPU.Deploy.0 = Debug|iPhone
		{F91C20DB-05F0-4474-9164-2460CADA2D02}.Debug|iPhone.ActiveCfg = Debug|iPhone
		{F91C20DB-05F0-4474-9164-2460CADA2D02}.Debug|iPhone.Build.0 = Debug|iPhone
		{F91C20DB-05F0-4474-9164-2460CADA2D02}.Debug|iPhone.Deploy.0 = Debug|iPhone
		{F91C20DB-05F0-4474-9164-2460CADA2D02}.Debug|iPhoneSimulator.ActiveCfg = Debug|iPhoneSimulator
		{F91C20DB-05F0-4474-9164-2460CADA2D02}.Debug|iPhoneSimulator.Build.0 = Debug|iPhoneSimulator
		{F91C20DB-05F0-4474-9164-2460CADA2D02}.Debug|iPhoneSimulator.Deploy.0 = Debug|iPhoneSimulator
		{F91C20DB-05F0-4474-9164-2460CADA2D02}.Release|Any CPU.ActiveCfg = Release|iPhoneSimulator
		{F91C20DB-05F0-4474-9164-2460CADA2D02}.Release|Any CPU.Build.0 = Release|iPhoneSimulator
		{F91C20DB-05F0-4474-9164-2460CADA2D02}.Release|Any CPU.Deploy.0 = Release|iPhoneSimulator
		{F91C20DB-05F0-4474-9164-2460CADA2D02}.Release|iPhone.ActiveCfg = Release|iPhone
		{F91C20DB-05F0-4474-9164-2460CADA2D02}.Release|iPhone.Build.0 = Release|iPhone
		{F91C20DB-05F0-4474-9164-2460CADA2D02}.Release|iPhone.Deploy.0 = Release|iPhone
		{F91C20DB-05F0-4474-9164-2460CADA2D02}.Release|iPhoneSimulator.ActiveCfg = Release|iPhoneSimulator
		{F91C20DB-05F0-4474-9164-2460CADA2D02}.Release|iPhoneSimulator.Build.0 = Release|iPhoneSimulator
		{F91C20DB-05F0-4474-9164-2460CADA2D02}.Release|iPhoneSimulator.Deploy.0 = Release|iPhoneSimulator
		{F82C9E63-4B31-4E46-831E-A8934989C8AF}.Debug|Any CPU.ActiveCfg = Debug|Any CPU
		{F82C9E63-4B31-4E46-831E-A8934989C8AF}.Debug|Any CPU.Build.0 = Debug|Any CPU
		{F82C9E63-4B31-4E46-831E-A8934989C8AF}.Debug|Any CPU.Deploy.0 = Debug|Any CPU
		{F82C9E63-4B31-4E46-831E-A8934989C8AF}.Debug|iPhone.ActiveCfg = Debug|Any CPU
		{F82C9E63-4B31-4E46-831E-A8934989C8AF}.Debug|iPhone.Build.0 = Debug|Any CPU
		{F82C9E63-4B31-4E46-831E-A8934989C8AF}.Debug|iPhone.Deploy.0 = Debug|Any CPU
		{F82C9E63-4B31-4E46-831E-A8934989C8AF}.Debug|iPhoneSimulator.ActiveCfg = Debug|Any CPU
		{F82C9E63-4B31-4E46-831E-A8934989C8AF}.Debug|iPhoneSimulator.Build.0 = Debug|Any CPU
		{F82C9E63-4B31-4E46-831E-A8934989C8AF}.Debug|iPhoneSimulator.Deploy.0 = Debug|Any CPU
		{F82C9E63-4B31-4E46-831E-A8934989C8AF}.Release|Any CPU.ActiveCfg = Release|Any CPU
		{F82C9E63-4B31-4E46-831E-A8934989C8AF}.Release|Any CPU.Build.0 = Release|Any CPU
		{F82C9E63-4B31-4E46-831E-A8934989C8AF}.Release|Any CPU.Deploy.0 = Release|Any CPU
		{F82C9E63-4B31-4E46-831E-A8934989C8AF}.Release|iPhone.ActiveCfg = Release|Any CPU
		{F82C9E63-4B31-4E46-831E-A8934989C8AF}.Release|iPhone.Build.0 = Release|Any CPU
		{F82C9E63-4B31-4E46-831E-A8934989C8AF}.Release|iPhone.Deploy.0 = Release|Any CPU
		{F82C9E63-4B31-4E46-831E-A8934989C8AF}.Release|iPhoneSimulator.ActiveCfg = Release|Any CPU
		{F82C9E63-4B31-4E46-831E-A8934989C8AF}.Release|iPhoneSimulator.Build.0 = Release|Any CPU
		{F82C9E63-4B31-4E46-831E-A8934989C8AF}.Release|iPhoneSimulator.Deploy.0 = Release|Any CPU
	EndGlobalSection
	GlobalSection(SolutionProperties) = preSolution
		HideSolutionNode = FALSE
	EndGlobalSection
	GlobalSection(ExtensibilityGlobals) = postSolution
		SolutionGuid = {E9013024-49CE-4970-92CB-62840CCBC13F}
	EndGlobalSection
EndGlobal
